PODS:
  - AccountKit (4.35.0)
  - Alamofire (4.8.1)
  - AlamofireImage (3.5.0):
    - Alamofire (~> 4.8)
  - Bolts (1.9.0):
    - Bolts/AppLinks (= 1.9.0)
    - Bolts/Tasks (= 1.9.0)
  - Bolts/AppLinks (1.9.0):
    - Bolts/Tasks
  - Bolts/Tasks (1.9.0)
  - EMAlertController (1.0.2)
  - FacebookCore (0.5.0):
    - Bolts (~> 1.9)
    - FBSDKCoreKit (~> 4.37)
  - FacebookLogin (0.5.0):
    - Bolts (~> 1.9)
    - FacebookCore (~> 0.5)
    - FBSDKCoreKit (~> 4.37)
    - FBSDKLoginKit (~> 4.37)
  - FacebookShare (0.5.0):
    - Bolts (~> 1.9)
    - FacebookCore (~> 0.5)
    - FBSDKCoreKit (~> 4.37)
    - FBSDKShareKit (~> 4.37)
  - FBSDKCoreKit (4.41.0):
    - Bolts (~> 1.9)
  - FBSDKLoginKit (4.41.0):
    - FBSDKCoreKit
  - FBSDKShareKit (4.41.0):
    - FBSDKCoreKit
  - IQKeyboardManagerSwift (6.2.0)
  - Localize-Swift (2.0.0)
  - NVActivityIndicatorView (4.6.1):
    - NVActivityIndicatorView/Presenter (= 4.6.1)
  - NVActivityIndicatorView/Presenter (4.6.1)
  - PKHUD (5.2.1)
  - Pushy (1.0.14)
  - SinchRTC (3.12.8)
  - Socket.IO-Client-Swift (14.0.0):
    - Starscream (~> 3.0.6)
  - Starscream (3.0.6)
  - SwiftyGif (4.2.0)

DEPENDENCIES:
  - AccountKit
  - Alamofire
  - AlamofireImage
  - EMAlertController
  - FacebookCore
  - FacebookLogin
  - FacebookShare
  - FBSDKLoginKit
  - IQKeyboardManagerSwift
  - Localize-Swift
  - NVActivityIndicatorView
  - PKHUD
  - Pushy
  - SinchRTC
  - Socket.IO-Client-Swift
  - SwiftyGif

SPEC REPOS:
  https://github.com/cocoapods/specs.git:
    - AccountKit
    - Alamofire
    - AlamofireImage
    - Bolts
    - EMAlertController
    - FacebookCore
    - FacebookLogin
    - FacebookShare
    - FBSDKCoreKit
    - FBSDKLoginKit
    - FBSDKShareKit
    - IQKeyboardManagerSwift
    - Localize-Swift
    - NVActivityIndicatorView
    - PKHUD
    - Pushy
    - SinchRTC
    - Socket.IO-Client-Swift
    - Starscream
    - SwiftyGif

SPEC CHECKSUMS:
  AccountKit: 870ccaf5d33facda9408783e28fbe68c5211e069
  Alamofire: 16ce2c353fb72865124ddae8a57c5942388f4f11
  AlamofireImage: 1aea346f4dda2f6c67622fa5a89fcbb80d79cc16
  Bolts: ac6567323eac61e203f6a9763667d0f711be34c8
  EMAlertController: 471e4630309e5ae843ef71f502d6b58525b22c60
  FacebookCore: 74288d0add931d361b1596beae787ab72c438249
  FacebookLogin: ebcf34714a1cb9f0759d9f071cfb01ed500996cf
  FacebookShare: 963b4bb1124a64a395b1e428163d70b5774116e8
  FBSDKCoreKit: 974810fe3806173f3777c68062fa8ed6fa59b59d
  FBSDKLoginKit: 159a5c2eebe6a0774c3b128f5085128679233d2b
  FBSDKShareKit: 79dfd0c51f1a241f33e219fcc39e7cc69534b900
  IQKeyboardManagerSwift: b07ccf9d8cafe993dcd6cb794eb4ba34611a0c4e
  Localize-Swift: c798ec9286494866f7068f85f7c71283ac5bdab4
  NVActivityIndicatorView: 4ca19fccc84595a78957336a086d00a49be6ce61
  PKHUD: 4e6162c4c39ac367c6934e9855c6b4762ee16256
  Pushy: 9462b7798a9754a9e82c496bc3f8b07c758268bb
  SinchRTC: aafe970312279b220b2e9d075fb39d5abcb85d93
  Socket.IO-Client-Swift: 21e6a8a23a7d367d5ddfab6cbbd3c679cf3c25d6
  Starscream: ef3ece99d765eeccb67de105bfa143f929026cf5
  SwiftyGif: a149bf84df23370592f3f075561ae02c8632a314

PODFILE CHECKSUM: a8dd4bd097db236efef8e9805ffdeaa795785174

COCOAPODS: 1.6.1
