// !$*UTF8*$!
{
	archiveVersion = 1;
	classes = {
	};
	objectVersion = 51;
	objects = {

/* Begin PBXBuildFile section */
		520337E7222AC92E004B4103 /* DocotorSpecializeCell.swift in Sources */ = {isa = PBXBuildFile; fileRef = 520337E6222AC92E004B4103 /* DocotorSpecializeCell.swift */; };
		520337E9222ACA9E004B4103 /* UserInformationVC.swift in Sources */ = {isa = PBXBuildFile; fileRef = 520337E8222ACA9E004B4103 /* UserInformationVC.swift */; };
		5203B0DD224A318C002B4B44 /* DoctorListModel.swift in Sources */ = {isa = PBXBuildFile; fileRef = 5203B0DC224A318C002B4B44 /* DoctorListModel.swift */; };
		52085D582249372500A7FB46 /* SocketManager.swift in Sources */ = {isa = PBXBuildFile; fileRef = 52085D572249372500A7FB46 /* SocketManager.swift */; };
		52085D5A2249376A00A7FB46 /* SocketModel.swift in Sources */ = {isa = PBXBuildFile; fileRef = 52085D592249376A00A7FB46 /* SocketModel.swift */; };
		52092D1D2221524B0035C257 /* UIView+anchors.swift in Sources */ = {isa = PBXBuildFile; fileRef = 52092D1C2221524B0035C257 /* UIView+anchors.swift */; };
		52092D1F2221634C0035C257 /* BookAppointmentViewController.swift in Sources */ = {isa = PBXBuildFile; fileRef = 52092D1E2221634C0035C257 /* BookAppointmentViewController.swift */; };
		52092D2122216E040035C257 /* InvoiceViewController.swift in Sources */ = {isa = PBXBuildFile; fileRef = 52092D2022216E040035C257 /* InvoiceViewController.swift */; };
		52092D2322217DFB0035C257 /* AppointmentListViewController.swift in Sources */ = {isa = PBXBuildFile; fileRef = 52092D2222217DFB0035C257 /* AppointmentListViewController.swift */; };
		521015F7222C4D6F004119E6 /* SelectAmountVC.swift in Sources */ = {isa = PBXBuildFile; fileRef = 521015F6222C4D6F004119E6 /* SelectAmountVC.swift */; };
		523326A022323C6700DD3BB6 /* ArticleVC.swift in Sources */ = {isa = PBXBuildFile; fileRef = 5233269F22323C6700DD3BB6 /* ArticleVC.swift */; };
		523326A2223259DF00DD3BB6 /* ArticleDetailVC.swift in Sources */ = {isa = PBXBuildFile; fileRef = 523326A1223259DF00DD3BB6 /* ArticleDetailVC.swift */; };
		523415362222858600CE2A91 /* Pyidaungsu.ttf in Resources */ = {isa = PBXBuildFile; fileRef = 523415342222858600CE2A91 /* Pyidaungsu.ttf */; };
		523415372222858600CE2A91 /* Pyidaungsu-Bold.ttf in Resources */ = {isa = PBXBuildFile; fileRef = 523415352222858600CE2A91 /* Pyidaungsu-Bold.ttf */; };
		523415392222862700CE2A91 /* LanguageViewController.swift in Sources */ = {isa = PBXBuildFile; fileRef = 523415382222862700CE2A91 /* LanguageViewController.swift */; };
		5234153B2222919700CE2A91 /* LoginViewController.swift in Sources */ = {isa = PBXBuildFile; fileRef = 5234153A2222919700CE2A91 /* LoginViewController.swift */; };
		5245F6E8222EAE2600D270F4 /* VoiceCallVC.swift in Sources */ = {isa = PBXBuildFile; fileRef = 5245F6E7222EAE2600D270F4 /* VoiceCallVC.swift */; };
		5245F6EA222EBD1500D270F4 /* VideoCallVC.swift in Sources */ = {isa = PBXBuildFile; fileRef = 5245F6E9222EBD1500D270F4 /* VideoCallVC.swift */; };
		5249E69E2243BD4C00CA1810 /* UserInfoCell.swift in Sources */ = {isa = PBXBuildFile; fileRef = 5249E69D2243BD4C00CA1810 /* UserInfoCell.swift */; };
		524D8EA12237943400B7AEAB /* ArticleCategoryCell.swift in Sources */ = {isa = PBXBuildFile; fileRef = 524D8EA02237943400B7AEAB /* ArticleCategoryCell.swift */; };
		524D8EA32237945100B7AEAB /* ArticleListCell.swift in Sources */ = {isa = PBXBuildFile; fileRef = 524D8EA22237945100B7AEAB /* ArticleListCell.swift */; };
		524D8EA52237949C00B7AEAB /* ArticleDetailCell.swift in Sources */ = {isa = PBXBuildFile; fileRef = 524D8EA42237949C00B7AEAB /* ArticleDetailCell.swift */; };
		524D8EA72237950200B7AEAB /* DoctorSearchSpecializationCell.swift in Sources */ = {isa = PBXBuildFile; fileRef = 524D8EA62237950200B7AEAB /* DoctorSearchSpecializationCell.swift */; };
		524D8EA92237953200B7AEAB /* CalendarCell.swift in Sources */ = {isa = PBXBuildFile; fileRef = 524D8EA82237953200B7AEAB /* CalendarCell.swift */; };
		524D8EAB2237954900B7AEAB /* SlotCell.swift in Sources */ = {isa = PBXBuildFile; fileRef = 524D8EAA2237954900B7AEAB /* SlotCell.swift */; };
		524D8EAD2237957100B7AEAB /* ReasonImageCell.swift in Sources */ = {isa = PBXBuildFile; fileRef = 524D8EAC2237957100B7AEAB /* ReasonImageCell.swift */; };
		524D8EAF223795A600B7AEAB /* MedicalRecordSelectCell.swift in Sources */ = {isa = PBXBuildFile; fileRef = 524D8EAE223795A600B7AEAB /* MedicalRecordSelectCell.swift */; };
		524D8EB2223795D800B7AEAB /* AppointmentListCell.swift in Sources */ = {isa = PBXBuildFile; fileRef = 524D8EB1223795D800B7AEAB /* AppointmentListCell.swift */; };
		524D8EB42237960200B7AEAB /* AppointmentDetailCell.swift in Sources */ = {isa = PBXBuildFile; fileRef = 524D8EB32237960200B7AEAB /* AppointmentDetailCell.swift */; };
		524D8EB62237962100B7AEAB /* RescheduleSlotsCell.swift in Sources */ = {isa = PBXBuildFile; fileRef = 524D8EB52237962100B7AEAB /* RescheduleSlotsCell.swift */; };
		524D8EB82237966400B7AEAB /* WalthroughCell.swift in Sources */ = {isa = PBXBuildFile; fileRef = 524D8EB72237966400B7AEAB /* WalthroughCell.swift */; };
		524D8EBA2237969200B7AEAB /* UserInterestListCel.swift in Sources */ = {isa = PBXBuildFile; fileRef = 524D8EB92237969200B7AEAB /* UserInterestListCel.swift */; };
		524D8EBD223796E700B7AEAB /* MedicalRecordCell.swift in Sources */ = {isa = PBXBuildFile; fileRef = 524D8EBC223796E700B7AEAB /* MedicalRecordCell.swift */; };
		524D8EBF2237971400B7AEAB /* PhotoGalleryCell.swift in Sources */ = {isa = PBXBuildFile; fileRef = 524D8EBE2237971400B7AEAB /* PhotoGalleryCell.swift */; };
		524D8EC12237972D00B7AEAB /* ViewSheetCell.swift in Sources */ = {isa = PBXBuildFile; fileRef = 524D8EC02237972D00B7AEAB /* ViewSheetCell.swift */; };
		524D8EC42237975200B7AEAB /* ReminderListCell.swift in Sources */ = {isa = PBXBuildFile; fileRef = 524D8EC32237975200B7AEAB /* ReminderListCell.swift */; };
		524D8EC72237977E00B7AEAB /* NotiListCell.swift in Sources */ = {isa = PBXBuildFile; fileRef = 524D8EC62237977E00B7AEAB /* NotiListCell.swift */; };
		524D8ECA223797BF00B7AEAB /* ProfileCell.swift in Sources */ = {isa = PBXBuildFile; fileRef = 524D8EC9223797BF00B7AEAB /* ProfileCell.swift */; };
		524D8ECC223797F900B7AEAB /* WalletCell.swift in Sources */ = {isa = PBXBuildFile; fileRef = 524D8ECB223797F900B7AEAB /* WalletCell.swift */; };
		524D8ECE2237981F00B7AEAB /* PaymentRowCell.swift in Sources */ = {isa = PBXBuildFile; fileRef = 524D8ECD2237981F00B7AEAB /* PaymentRowCell.swift */; };
		524D8ED02237983A00B7AEAB /* PaymentCell.swift in Sources */ = {isa = PBXBuildFile; fileRef = 524D8ECF2237983A00B7AEAB /* PaymentCell.swift */; };
		524D8ED22237985500B7AEAB /* AmountCell.swift in Sources */ = {isa = PBXBuildFile; fileRef = 524D8ED12237985500B7AEAB /* AmountCell.swift */; };
		524D8ED422379BE600B7AEAB /* PaymentGateWayVC.swift in Sources */ = {isa = PBXBuildFile; fileRef = 524D8ED322379BE600B7AEAB /* PaymentGateWayVC.swift */; };
		5268C554222F7DC6001CF258 /* UserProfileVC.swift in Sources */ = {isa = PBXBuildFile; fileRef = 5268C553222F7DC6001CF258 /* UserProfileVC.swift */; };
		52691160222AE0450082FCC6 /* UserInterestVC.swift in Sources */ = {isa = PBXBuildFile; fileRef = 5269115F222AE0450082FCC6 /* UserInterestVC.swift */; };
		526C568622363828003F2C66 /* RecordBookVC.swift in Sources */ = {isa = PBXBuildFile; fileRef = 526C568522363828003F2C66 /* RecordBookVC.swift */; };
		526C571022364113003F2C66 /* AddPhotoVC.swift in Sources */ = {isa = PBXBuildFile; fileRef = 526C570F22364113003F2C66 /* AddPhotoVC.swift */; };
		526C571222364369003F2C66 /* PhotoGalleryVC.swift in Sources */ = {isa = PBXBuildFile; fileRef = 526C571122364369003F2C66 /* PhotoGalleryVC.swift */; };
		526C571422364A54003F2C66 /* ViewSheetVC.swift in Sources */ = {isa = PBXBuildFile; fileRef = 526C571322364A54003F2C66 /* ViewSheetVC.swift */; };
		526C57172236509D003F2C66 /* ReminderListVC.swift in Sources */ = {isa = PBXBuildFile; fileRef = 526C57162236509D003F2C66 /* ReminderListVC.swift */; };
		526E08892237D44400FECD70 /* DoctorModel.swift in Sources */ = {isa = PBXBuildFile; fileRef = 526E08882237D44400FECD70 /* DoctorModel.swift */; };
		526E088B2237D49100FECD70 /* ArticleModel.swift in Sources */ = {isa = PBXBuildFile; fileRef = 526E088A2237D49100FECD70 /* ArticleModel.swift */; };
		526E088D2237D4AE00FECD70 /* AppointmentModel.swift in Sources */ = {isa = PBXBuildFile; fileRef = 526E088C2237D4AE00FECD70 /* AppointmentModel.swift */; };
		526E088F2237D4E000FECD70 /* MedicationReminderModel.swift in Sources */ = {isa = PBXBuildFile; fileRef = 526E088E2237D4E000FECD70 /* MedicationReminderModel.swift */; };
		526E08912237D54B00FECD70 /* ModelAppointment.swift in Sources */ = {isa = PBXBuildFile; fileRef = 526E08902237D54B00FECD70 /* ModelAppointment.swift */; };
		526E08932237D56A00FECD70 /* ModelDoctorFilter.swift in Sources */ = {isa = PBXBuildFile; fileRef = 526E08922237D56A00FECD70 /* ModelDoctorFilter.swift */; };
		526E08952237D58700FECD70 /* NotificationModel.swift in Sources */ = {isa = PBXBuildFile; fileRef = 526E08942237D58700FECD70 /* NotificationModel.swift */; };
		526E08972237D5B500FECD70 /* OperationalHours.swift in Sources */ = {isa = PBXBuildFile; fileRef = 526E08962237D5B500FECD70 /* OperationalHours.swift */; };
		526E08992237D5D800FECD70 /* PaymentHistoryModel.swift in Sources */ = {isa = PBXBuildFile; fileRef = 526E08982237D5D800FECD70 /* PaymentHistoryModel.swift */; };
		526E089B2237D5F300FECD70 /* ProfileModel.swift in Sources */ = {isa = PBXBuildFile; fileRef = 526E089A2237D5F300FECD70 /* ProfileModel.swift */; };
		526E089D2237D63000FECD70 /* ModelLogin.swift in Sources */ = {isa = PBXBuildFile; fileRef = 526E089C2237D63000FECD70 /* ModelLogin.swift */; };
		526FD435224258810035D757 /* ChatListVC.swift in Sources */ = {isa = PBXBuildFile; fileRef = 526FD434224258810035D757 /* ChatListVC.swift */; };
		526FD437224258C10035D757 /* ChatRecordVC.swift in Sources */ = {isa = PBXBuildFile; fileRef = 526FD436224258C10035D757 /* ChatRecordVC.swift */; };
		526FD43A2242591D0035D757 /* ChatListCell.swift in Sources */ = {isa = PBXBuildFile; fileRef = 526FD4392242591D0035D757 /* ChatListCell.swift */; };
		526FD43C224259240035D757 /* ChatRecordCell.swift in Sources */ = {isa = PBXBuildFile; fileRef = 526FD43B224259240035D757 /* ChatRecordCell.swift */; };
		527FAD0B224B8C9C00484DD1 /* AboutusVC.swift in Sources */ = {isa = PBXBuildFile; fileRef = 527FAD0A224B8C9C00484DD1 /* AboutusVC.swift */; };
		528DA550221D96DA00140CFF /* AppDelegate.swift in Sources */ = {isa = PBXBuildFile; fileRef = 528DA54F221D96DA00140CFF /* AppDelegate.swift */; };
		528DA555221D96DA00140CFF /* Main.storyboard in Resources */ = {isa = PBXBuildFile; fileRef = 528DA553221D96DA00140CFF /* Main.storyboard */; };
		528DA557221D96DC00140CFF /* Assets.xcassets in Resources */ = {isa = PBXBuildFile; fileRef = 528DA556221D96DC00140CFF /* Assets.xcassets */; };
		528DA55A221D96DC00140CFF /* LaunchScreen.storyboard in Resources */ = {isa = PBXBuildFile; fileRef = 528DA558221D96DC00140CFF /* LaunchScreen.storyboard */; };
		528DA567221D982300140CFF /* HomeViewController.swift in Sources */ = {isa = PBXBuildFile; fileRef = 528DA566221D982300140CFF /* HomeViewController.swift */; };
		528DA569221D983900140CFF /* DoctorListViewController.swift in Sources */ = {isa = PBXBuildFile; fileRef = 528DA568221D983900140CFF /* DoctorListViewController.swift */; };
		528DA56B221D984700140CFF /* DoctorDetailViewController.swift in Sources */ = {isa = PBXBuildFile; fileRef = 528DA56A221D984700140CFF /* DoctorDetailViewController.swift */; };
		528DA56D221D985300140CFF /* MoreViewController.swift in Sources */ = {isa = PBXBuildFile; fileRef = 528DA56C221D985300140CFF /* MoreViewController.swift */; };
		528DA56F221D98E400140CFF /* MenuCell.swift in Sources */ = {isa = PBXBuildFile; fileRef = 528DA56E221D98E400140CFF /* MenuCell.swift */; };
		528DA571221D990A00140CFF /* MenuOnlineCell.swift in Sources */ = {isa = PBXBuildFile; fileRef = 528DA570221D990A00140CFF /* MenuOnlineCell.swift */; };
		528DA573221D992D00140CFF /* MenuCategoryCell.swift in Sources */ = {isa = PBXBuildFile; fileRef = 528DA572221D992D00140CFF /* MenuCategoryCell.swift */; };
		528DA575221D99B700140CFF /* DoctorSpecializationViewController.swift in Sources */ = {isa = PBXBuildFile; fileRef = 528DA574221D99B700140CFF /* DoctorSpecializationViewController.swift */; };
		528DA577221D99CD00140CFF /* DoctorSearchViewController.swift in Sources */ = {isa = PBXBuildFile; fileRef = 528DA576221D99CD00140CFF /* DoctorSearchViewController.swift */; };
		528DA579221D9A5400140CFF /* DoctorListCell.swift in Sources */ = {isa = PBXBuildFile; fileRef = 528DA578221D9A5400140CFF /* DoctorListCell.swift */; };
		528DA57B221D9ABB00140CFF /* DoctorDetailProfileCell.swift in Sources */ = {isa = PBXBuildFile; fileRef = 528DA57A221D9ABB00140CFF /* DoctorDetailProfileCell.swift */; };
		528DA57D221D9ACE00140CFF /* DoctorDetailAdditionCell.swift in Sources */ = {isa = PBXBuildFile; fileRef = 528DA57C221D9ACE00140CFF /* DoctorDetailAdditionCell.swift */; };
		528DA580221D9B5300140CFF /* MoreCollectionViewCell.swift in Sources */ = {isa = PBXBuildFile; fileRef = 528DA57F221D9B5300140CFF /* MoreCollectionViewCell.swift */; };
		528DA582221D9B8C00140CFF /* MoreCollectionViewEditProfileCell.swift in Sources */ = {isa = PBXBuildFile; fileRef = 528DA581221D9B8C00140CFF /* MoreCollectionViewEditProfileCell.swift */; };
		529490462237CE2200507240 /* EnterPasscodeVC.swift in Sources */ = {isa = PBXBuildFile; fileRef = 529490452237CE2200507240 /* EnterPasscodeVC.swift */; };
		52A5B7E722224F6500AAE3D3 /* Utility.swift in Sources */ = {isa = PBXBuildFile; fileRef = 52A5B7E622224F6500AAE3D3 /* Utility.swift */; };
		52AE88942236197600867151 /* ShareBookVC.swift in Sources */ = {isa = PBXBuildFile; fileRef = 52AE88932236197600867151 /* ShareBookVC.swift */; };
		52AE889622361F8700867151 /* SelectBookVC.swift in Sources */ = {isa = PBXBuildFile; fileRef = 52AE889522361F8700867151 /* SelectBookVC.swift */; };
		52B1E019222AF2150080243A /* ReasonVC.swift in Sources */ = {isa = PBXBuildFile; fileRef = 52B1E018222AF2150080243A /* ReasonVC.swift */; };
		52B1E01C222B02B10080243A /* WalletVC.swift in Sources */ = {isa = PBXBuildFile; fileRef = 52B1E01B222B02B10080243A /* WalletVC.swift */; };
		52B30393222BBC1100BBFDA1 /* NotificationListVC.swift in Sources */ = {isa = PBXBuildFile; fileRef = 52B30392222BBC1100BBFDA1 /* NotificationListVC.swift */; };
		52B30395222BC26500BBFDA1 /* PaymentMethodVC.swift in Sources */ = {isa = PBXBuildFile; fileRef = 52B30394222BC26500BBFDA1 /* PaymentMethodVC.swift */; };
		52C07C86222254EF003D12BD /* Logo-Motion_Gif.gif in Resources */ = {isa = PBXBuildFile; fileRef = 52C07C85222254EF003D12BD /* Logo-Motion_Gif.gif */; };
		52C07C882222553C003D12BD /* StartScreenViewController.swift in Sources */ = {isa = PBXBuildFile; fileRef = 52C07C872222553C003D12BD /* StartScreenViewController.swift */; };
		52C07C8F22226594003D12BD /* Localizable.strings in Resources */ = {isa = PBXBuildFile; fileRef = 52C07C9122226594003D12BD /* Localizable.strings */; };
		52D59692223F841C0071BE52 /* UserDefaults.swift in Sources */ = {isa = PBXBuildFile; fileRef = 52D59691223F841C0071BE52 /* UserDefaults.swift */; };
		52D59694223F8EE90071BE52 /* API.swift in Sources */ = {isa = PBXBuildFile; fileRef = 52D59693223F8EE90071BE52 /* API.swift */; };
		52D59696223FADBD0071BE52 /* PatientModel.swift in Sources */ = {isa = PBXBuildFile; fileRef = 52D59695223FADBD0071BE52 /* PatientModel.swift */; };
		52EBC3C822368F06009AFEBE /* AppointmentDetailVC.swift in Sources */ = {isa = PBXBuildFile; fileRef = 52EBC3C722368F06009AFEBE /* AppointmentDetailVC.swift */; };
		52EBC3CA2236A2F9009AFEBE /* RescheduleAppointmentVC.swift in Sources */ = {isa = PBXBuildFile; fileRef = 52EBC3C92236A2F9009AFEBE /* RescheduleAppointmentVC.swift */; };
		52F98DC222439A230040D1F5 /* SocketIOManager.swift in Sources */ = {isa = PBXBuildFile; fileRef = 52F98DC122439A230040D1F5 /* SocketIOManager.swift */; };
		78874FA114DC211CF82CC53F /* Pods_Myancare_Patient.framework in Frameworks */ = {isa = PBXBuildFile; fileRef = CBCD670D29C23FF059D78E63 /* Pods_Myancare_Patient.framework */; };
/* End PBXBuildFile section */

/* Begin PBXFileReference section */
		520337E6222AC92E004B4103 /* DocotorSpecializeCell.swift */ = {isa = PBXFileReference; lastKnownFileType = sourcecode.swift; path = DocotorSpecializeCell.swift; sourceTree = "<group>"; };
		520337E8222ACA9E004B4103 /* UserInformationVC.swift */ = {isa = PBXFileReference; lastKnownFileType = sourcecode.swift; path = UserInformationVC.swift; sourceTree = "<group>"; };
		5203B0DC224A318C002B4B44 /* DoctorListModel.swift */ = {isa = PBXFileReference; lastKnownFileType = sourcecode.swift; path = DoctorListModel.swift; sourceTree = "<group>"; };
		52085D572249372500A7FB46 /* SocketManager.swift */ = {isa = PBXFileReference; lastKnownFileType = sourcecode.swift; path = SocketManager.swift; sourceTree = "<group>"; };
		52085D592249376A00A7FB46 /* SocketModel.swift */ = {isa = PBXFileReference; lastKnownFileType = sourcecode.swift; path = SocketModel.swift; sourceTree = "<group>"; };
		52092D1C2221524B0035C257 /* UIView+anchors.swift */ = {isa = PBXFileReference; lastKnownFileType = sourcecode.swift; path = "UIView+anchors.swift"; sourceTree = "<group>"; };
		52092D1E2221634C0035C257 /* BookAppointmentViewController.swift */ = {isa = PBXFileReference; lastKnownFileType = sourcecode.swift; path = BookAppointmentViewController.swift; sourceTree = "<group>"; };
		52092D2022216E040035C257 /* InvoiceViewController.swift */ = {isa = PBXFileReference; lastKnownFileType = sourcecode.swift; path = InvoiceViewController.swift; sourceTree = "<group>"; };
		52092D2222217DFB0035C257 /* AppointmentListViewController.swift */ = {isa = PBXFileReference; lastKnownFileType = sourcecode.swift; path = AppointmentListViewController.swift; sourceTree = "<group>"; };
		521015F6222C4D6F004119E6 /* SelectAmountVC.swift */ = {isa = PBXFileReference; lastKnownFileType = sourcecode.swift; path = SelectAmountVC.swift; sourceTree = "<group>"; };
		5233269F22323C6700DD3BB6 /* ArticleVC.swift */ = {isa = PBXFileReference; lastKnownFileType = sourcecode.swift; path = ArticleVC.swift; sourceTree = "<group>"; };
		523326A1223259DF00DD3BB6 /* ArticleDetailVC.swift */ = {isa = PBXFileReference; lastKnownFileType = sourcecode.swift; path = ArticleDetailVC.swift; sourceTree = "<group>"; };
		523415342222858600CE2A91 /* Pyidaungsu.ttf */ = {isa = PBXFileReference; lastKnownFileType = file; path = Pyidaungsu.ttf; sourceTree = "<group>"; };
		523415352222858600CE2A91 /* Pyidaungsu-Bold.ttf */ = {isa = PBXFileReference; lastKnownFileType = file; path = "Pyidaungsu-Bold.ttf"; sourceTree = "<group>"; };
		523415382222862700CE2A91 /* LanguageViewController.swift */ = {isa = PBXFileReference; lastKnownFileType = sourcecode.swift; path = LanguageViewController.swift; sourceTree = "<group>"; };
		5234153A2222919700CE2A91 /* LoginViewController.swift */ = {isa = PBXFileReference; lastKnownFileType = sourcecode.swift; path = LoginViewController.swift; sourceTree = "<group>"; };
		5245F6E7222EAE2600D270F4 /* VoiceCallVC.swift */ = {isa = PBXFileReference; lastKnownFileType = sourcecode.swift; path = VoiceCallVC.swift; sourceTree = "<group>"; };
		5245F6E9222EBD1500D270F4 /* VideoCallVC.swift */ = {isa = PBXFileReference; lastKnownFileType = sourcecode.swift; path = VideoCallVC.swift; sourceTree = "<group>"; };
		5249E69D2243BD4C00CA1810 /* UserInfoCell.swift */ = {isa = PBXFileReference; lastKnownFileType = sourcecode.swift; path = UserInfoCell.swift; sourceTree = "<group>"; };
		524D8EA02237943400B7AEAB /* ArticleCategoryCell.swift */ = {isa = PBXFileReference; lastKnownFileType = sourcecode.swift; path = ArticleCategoryCell.swift; sourceTree = "<group>"; };
		524D8EA22237945100B7AEAB /* ArticleListCell.swift */ = {isa = PBXFileReference; lastKnownFileType = sourcecode.swift; path = ArticleListCell.swift; sourceTree = "<group>"; };
		524D8EA42237949C00B7AEAB /* ArticleDetailCell.swift */ = {isa = PBXFileReference; lastKnownFileType = sourcecode.swift; path = ArticleDetailCell.swift; sourceTree = "<group>"; };
		524D8EA62237950200B7AEAB /* DoctorSearchSpecializationCell.swift */ = {isa = PBXFileReference; lastKnownFileType = sourcecode.swift; path = DoctorSearchSpecializationCell.swift; sourceTree = "<group>"; };
		524D8EA82237953200B7AEAB /* CalendarCell.swift */ = {isa = PBXFileReference; lastKnownFileType = sourcecode.swift; path = CalendarCell.swift; sourceTree = "<group>"; };
		524D8EAA2237954900B7AEAB /* SlotCell.swift */ = {isa = PBXFileReference; lastKnownFileType = sourcecode.swift; path = SlotCell.swift; sourceTree = "<group>"; };
		524D8EAC2237957100B7AEAB /* ReasonImageCell.swift */ = {isa = PBXFileReference; lastKnownFileType = sourcecode.swift; path = ReasonImageCell.swift; sourceTree = "<group>"; };
		524D8EAE223795A600B7AEAB /* MedicalRecordSelectCell.swift */ = {isa = PBXFileReference; lastKnownFileType = sourcecode.swift; path = MedicalRecordSelectCell.swift; sourceTree = "<group>"; };
		524D8EB1223795D800B7AEAB /* AppointmentListCell.swift */ = {isa = PBXFileReference; lastKnownFileType = sourcecode.swift; path = AppointmentListCell.swift; sourceTree = "<group>"; };
		524D8EB32237960200B7AEAB /* AppointmentDetailCell.swift */ = {isa = PBXFileReference; lastKnownFileType = sourcecode.swift; path = AppointmentDetailCell.swift; sourceTree = "<group>"; };
		524D8EB52237962100B7AEAB /* RescheduleSlotsCell.swift */ = {isa = PBXFileReference; lastKnownFileType = sourcecode.swift; path = RescheduleSlotsCell.swift; sourceTree = "<group>"; };
		524D8EB72237966400B7AEAB /* WalthroughCell.swift */ = {isa = PBXFileReference; lastKnownFileType = sourcecode.swift; path = WalthroughCell.swift; sourceTree = "<group>"; };
		524D8EB92237969200B7AEAB /* UserInterestListCel.swift */ = {isa = PBXFileReference; lastKnownFileType = sourcecode.swift; path = UserInterestListCel.swift; sourceTree = "<group>"; };
		524D8EBC223796E700B7AEAB /* MedicalRecordCell.swift */ = {isa = PBXFileReference; lastKnownFileType = sourcecode.swift; path = MedicalRecordCell.swift; sourceTree = "<group>"; };
		524D8EBE2237971400B7AEAB /* PhotoGalleryCell.swift */ = {isa = PBXFileReference; lastKnownFileType = sourcecode.swift; path = PhotoGalleryCell.swift; sourceTree = "<group>"; };
		524D8EC02237972D00B7AEAB /* ViewSheetCell.swift */ = {isa = PBXFileReference; lastKnownFileType = sourcecode.swift; path = ViewSheetCell.swift; sourceTree = "<group>"; };
		524D8EC32237975200B7AEAB /* ReminderListCell.swift */ = {isa = PBXFileReference; lastKnownFileType = sourcecode.swift; path = ReminderListCell.swift; sourceTree = "<group>"; };
		524D8EC62237977E00B7AEAB /* NotiListCell.swift */ = {isa = PBXFileReference; lastKnownFileType = sourcecode.swift; path = NotiListCell.swift; sourceTree = "<group>"; };
		524D8EC9223797BF00B7AEAB /* ProfileCell.swift */ = {isa = PBXFileReference; lastKnownFileType = sourcecode.swift; path = ProfileCell.swift; sourceTree = "<group>"; };
		524D8ECB223797F900B7AEAB /* WalletCell.swift */ = {isa = PBXFileReference; lastKnownFileType = sourcecode.swift; path = WalletCell.swift; sourceTree = "<group>"; };
		524D8ECD2237981F00B7AEAB /* PaymentRowCell.swift */ = {isa = PBXFileReference; lastKnownFileType = sourcecode.swift; path = PaymentRowCell.swift; sourceTree = "<group>"; };
		524D8ECF2237983A00B7AEAB /* PaymentCell.swift */ = {isa = PBXFileReference; lastKnownFileType = sourcecode.swift; path = PaymentCell.swift; sourceTree = "<group>"; };
		524D8ED12237985500B7AEAB /* AmountCell.swift */ = {isa = PBXFileReference; lastKnownFileType = sourcecode.swift; path = AmountCell.swift; sourceTree = "<group>"; };
		524D8ED322379BE600B7AEAB /* PaymentGateWayVC.swift */ = {isa = PBXFileReference; lastKnownFileType = sourcecode.swift; path = PaymentGateWayVC.swift; sourceTree = "<group>"; };
		5268C553222F7DC6001CF258 /* UserProfileVC.swift */ = {isa = PBXFileReference; lastKnownFileType = sourcecode.swift; path = UserProfileVC.swift; sourceTree = "<group>"; };
		5269115F222AE0450082FCC6 /* UserInterestVC.swift */ = {isa = PBXFileReference; lastKnownFileType = sourcecode.swift; path = UserInterestVC.swift; sourceTree = "<group>"; };
		526C568522363828003F2C66 /* RecordBookVC.swift */ = {isa = PBXFileReference; lastKnownFileType = sourcecode.swift; path = RecordBookVC.swift; sourceTree = "<group>"; };
		526C570F22364113003F2C66 /* AddPhotoVC.swift */ = {isa = PBXFileReference; lastKnownFileType = sourcecode.swift; path = AddPhotoVC.swift; sourceTree = "<group>"; };
		526C571122364369003F2C66 /* PhotoGalleryVC.swift */ = {isa = PBXFileReference; lastKnownFileType = sourcecode.swift; path = PhotoGalleryVC.swift; sourceTree = "<group>"; };
		526C571322364A54003F2C66 /* ViewSheetVC.swift */ = {isa = PBXFileReference; lastKnownFileType = sourcecode.swift; path = ViewSheetVC.swift; sourceTree = "<group>"; };
		526C57162236509D003F2C66 /* ReminderListVC.swift */ = {isa = PBXFileReference; lastKnownFileType = sourcecode.swift; path = ReminderListVC.swift; sourceTree = "<group>"; };
		526E08882237D44400FECD70 /* DoctorModel.swift */ = {isa = PBXFileReference; lastKnownFileType = sourcecode.swift; path = DoctorModel.swift; sourceTree = "<group>"; };
		526E088A2237D49100FECD70 /* ArticleModel.swift */ = {isa = PBXFileReference; lastKnownFileType = sourcecode.swift; path = ArticleModel.swift; sourceTree = "<group>"; };
		526E088C2237D4AE00FECD70 /* AppointmentModel.swift */ = {isa = PBXFileReference; lastKnownFileType = sourcecode.swift; path = AppointmentModel.swift; sourceTree = "<group>"; };
		526E088E2237D4E000FECD70 /* MedicationReminderModel.swift */ = {isa = PBXFileReference; lastKnownFileType = sourcecode.swift; path = MedicationReminderModel.swift; sourceTree = "<group>"; };
		526E08902237D54B00FECD70 /* ModelAppointment.swift */ = {isa = PBXFileReference; lastKnownFileType = sourcecode.swift; path = ModelAppointment.swift; sourceTree = "<group>"; };
		526E08922237D56A00FECD70 /* ModelDoctorFilter.swift */ = {isa = PBXFileReference; lastKnownFileType = sourcecode.swift; path = ModelDoctorFilter.swift; sourceTree = "<group>"; };
		526E08942237D58700FECD70 /* NotificationModel.swift */ = {isa = PBXFileReference; lastKnownFileType = sourcecode.swift; path = NotificationModel.swift; sourceTree = "<group>"; };
		526E08962237D5B500FECD70 /* OperationalHours.swift */ = {isa = PBXFileReference; lastKnownFileType = sourcecode.swift; path = OperationalHours.swift; sourceTree = "<group>"; };
		526E08982237D5D800FECD70 /* PaymentHistoryModel.swift */ = {isa = PBXFileReference; lastKnownFileType = sourcecode.swift; path = PaymentHistoryModel.swift; sourceTree = "<group>"; };
		526E089A2237D5F300FECD70 /* ProfileModel.swift */ = {isa = PBXFileReference; lastKnownFileType = sourcecode.swift; path = ProfileModel.swift; sourceTree = "<group>"; };
		526E089C2237D63000FECD70 /* ModelLogin.swift */ = {isa = PBXFileReference; lastKnownFileType = sourcecode.swift; path = ModelLogin.swift; sourceTree = "<group>"; };
		526FD434224258810035D757 /* ChatListVC.swift */ = {isa = PBXFileReference; lastKnownFileType = sourcecode.swift; path = ChatListVC.swift; sourceTree = "<group>"; };
		526FD436224258C10035D757 /* ChatRecordVC.swift */ = {isa = PBXFileReference; lastKnownFileType = sourcecode.swift; path = ChatRecordVC.swift; sourceTree = "<group>"; };
		526FD4392242591D0035D757 /* ChatListCell.swift */ = {isa = PBXFileReference; lastKnownFileType = sourcecode.swift; path = ChatListCell.swift; sourceTree = "<group>"; };
		526FD43B224259240035D757 /* ChatRecordCell.swift */ = {isa = PBXFileReference; lastKnownFileType = sourcecode.swift; path = ChatRecordCell.swift; sourceTree = "<group>"; };
		527FAD0A224B8C9C00484DD1 /* AboutusVC.swift */ = {isa = PBXFileReference; lastKnownFileType = sourcecode.swift; path = AboutusVC.swift; sourceTree = "<group>"; };
		528AC1FB223A9E9000082626 /* Myancare Patient.entitlements */ = {isa = PBXFileReference; lastKnownFileType = text.plist.entitlements; path = "Myancare Patient.entitlements"; sourceTree = "<group>"; };
		528DA54C221D96DA00140CFF /* Myancare Patient.app */ = {isa = PBXFileReference; explicitFileType = wrapper.application; includeInIndex = 0; path = "Myancare Patient.app"; sourceTree = BUILT_PRODUCTS_DIR; };
		528DA54F221D96DA00140CFF /* AppDelegate.swift */ = {isa = PBXFileReference; lastKnownFileType = sourcecode.swift; path = AppDelegate.swift; sourceTree = "<group>"; };
		528DA554221D96DA00140CFF /* Base */ = {isa = PBXFileReference; lastKnownFileType = file.storyboard; name = Base; path = Base.lproj/Main.storyboard; sourceTree = "<group>"; };
		528DA556221D96DC00140CFF /* Assets.xcassets */ = {isa = PBXFileReference; lastKnownFileType = folder.assetcatalog; path = Assets.xcassets; sourceTree = "<group>"; };
		528DA559221D96DC00140CFF /* Base */ = {isa = PBXFileReference; lastKnownFileType = file.storyboard; name = Base; path = Base.lproj/LaunchScreen.storyboard; sourceTree = "<group>"; };
		528DA55B221D96DC00140CFF /* Info.plist */ = {isa = PBXFileReference; lastKnownFileType = text.plist.xml; path = Info.plist; sourceTree = "<group>"; };
		528DA566221D982300140CFF /* HomeViewController.swift */ = {isa = PBXFileReference; lastKnownFileType = sourcecode.swift; path = HomeViewController.swift; sourceTree = "<group>"; };
		528DA568221D983900140CFF /* DoctorListViewController.swift */ = {isa = PBXFileReference; lastKnownFileType = sourcecode.swift; path = DoctorListViewController.swift; sourceTree = "<group>"; };
		528DA56A221D984700140CFF /* DoctorDetailViewController.swift */ = {isa = PBXFileReference; lastKnownFileType = sourcecode.swift; path = DoctorDetailViewController.swift; sourceTree = "<group>"; };
		528DA56C221D985300140CFF /* MoreViewController.swift */ = {isa = PBXFileReference; lastKnownFileType = sourcecode.swift; path = MoreViewController.swift; sourceTree = "<group>"; };
		528DA56E221D98E400140CFF /* MenuCell.swift */ = {isa = PBXFileReference; lastKnownFileType = sourcecode.swift; path = MenuCell.swift; sourceTree = "<group>"; };
		528DA570221D990A00140CFF /* MenuOnlineCell.swift */ = {isa = PBXFileReference; lastKnownFileType = sourcecode.swift; path = MenuOnlineCell.swift; sourceTree = "<group>"; };
		528DA572221D992D00140CFF /* MenuCategoryCell.swift */ = {isa = PBXFileReference; lastKnownFileType = sourcecode.swift; path = MenuCategoryCell.swift; sourceTree = "<group>"; };
		528DA574221D99B700140CFF /* DoctorSpecializationViewController.swift */ = {isa = PBXFileReference; lastKnownFileType = sourcecode.swift; path = DoctorSpecializationViewController.swift; sourceTree = "<group>"; };
		528DA576221D99CD00140CFF /* DoctorSearchViewController.swift */ = {isa = PBXFileReference; lastKnownFileType = sourcecode.swift; path = DoctorSearchViewController.swift; sourceTree = "<group>"; };
		528DA578221D9A5400140CFF /* DoctorListCell.swift */ = {isa = PBXFileReference; lastKnownFileType = sourcecode.swift; path = DoctorListCell.swift; sourceTree = "<group>"; };
		528DA57A221D9ABB00140CFF /* DoctorDetailProfileCell.swift */ = {isa = PBXFileReference; lastKnownFileType = sourcecode.swift; path = DoctorDetailProfileCell.swift; sourceTree = "<group>"; };
		528DA57C221D9ACE00140CFF /* DoctorDetailAdditionCell.swift */ = {isa = PBXFileReference; lastKnownFileType = sourcecode.swift; path = DoctorDetailAdditionCell.swift; sourceTree = "<group>"; };
		528DA57F221D9B5300140CFF /* MoreCollectionViewCell.swift */ = {isa = PBXFileReference; lastKnownFileType = sourcecode.swift; path = MoreCollectionViewCell.swift; sourceTree = "<group>"; };
		528DA581221D9B8C00140CFF /* MoreCollectionViewEditProfileCell.swift */ = {isa = PBXFileReference; lastKnownFileType = sourcecode.swift; path = MoreCollectionViewEditProfileCell.swift; sourceTree = "<group>"; };
		529490452237CE2200507240 /* EnterPasscodeVC.swift */ = {isa = PBXFileReference; lastKnownFileType = sourcecode.swift; path = EnterPasscodeVC.swift; sourceTree = "<group>"; };
		52A5B7E622224F6500AAE3D3 /* Utility.swift */ = {isa = PBXFileReference; lastKnownFileType = sourcecode.swift; path = Utility.swift; sourceTree = "<group>"; };
		52AE88932236197600867151 /* ShareBookVC.swift */ = {isa = PBXFileReference; lastKnownFileType = sourcecode.swift; path = ShareBookVC.swift; sourceTree = "<group>"; };
		52AE889522361F8700867151 /* SelectBookVC.swift */ = {isa = PBXFileReference; lastKnownFileType = sourcecode.swift; path = SelectBookVC.swift; sourceTree = "<group>"; };
		52B1E018222AF2150080243A /* ReasonVC.swift */ = {isa = PBXFileReference; lastKnownFileType = sourcecode.swift; path = ReasonVC.swift; sourceTree = "<group>"; };
		52B1E01B222B02B10080243A /* WalletVC.swift */ = {isa = PBXFileReference; lastKnownFileType = sourcecode.swift; path = WalletVC.swift; sourceTree = "<group>"; };
		52B30392222BBC1100BBFDA1 /* NotificationListVC.swift */ = {isa = PBXFileReference; lastKnownFileType = sourcecode.swift; path = NotificationListVC.swift; sourceTree = "<group>"; };
		52B30394222BC26500BBFDA1 /* PaymentMethodVC.swift */ = {isa = PBXFileReference; lastKnownFileType = sourcecode.swift; path = PaymentMethodVC.swift; sourceTree = "<group>"; };
		52C07C85222254EF003D12BD /* Logo-Motion_Gif.gif */ = {isa = PBXFileReference; lastKnownFileType = image.gif; path = "Logo-Motion_Gif.gif"; sourceTree = "<group>"; };
		52C07C872222553C003D12BD /* StartScreenViewController.swift */ = {isa = PBXFileReference; lastKnownFileType = sourcecode.swift; path = StartScreenViewController.swift; sourceTree = "<group>"; };
		52C07C8B222264EB003D12BD /* my */ = {isa = PBXFileReference; lastKnownFileType = text.plist.strings; name = my; path = my.lproj/Main.strings; sourceTree = "<group>"; };
		52C07C8C222264EB003D12BD /* my */ = {isa = PBXFileReference; lastKnownFileType = text.plist.strings; name = my; path = my.lproj/LaunchScreen.strings; sourceTree = "<group>"; };
		52C07C9022226594003D12BD /* en */ = {isa = PBXFileReference; lastKnownFileType = text.plist.strings; name = en; path = en.lproj/Localizable.strings; sourceTree = "<group>"; };
		52C07C92222265C3003D12BD /* my */ = {isa = PBXFileReference; lastKnownFileType = text.plist.strings; name = my; path = my.lproj/Localizable.strings; sourceTree = "<group>"; };
		52D59691223F841C0071BE52 /* UserDefaults.swift */ = {isa = PBXFileReference; lastKnownFileType = sourcecode.swift; path = UserDefaults.swift; sourceTree = "<group>"; };
		52D59693223F8EE90071BE52 /* API.swift */ = {isa = PBXFileReference; lastKnownFileType = sourcecode.swift; path = API.swift; sourceTree = "<group>"; };
		52D59695223FADBD0071BE52 /* PatientModel.swift */ = {isa = PBXFileReference; lastKnownFileType = sourcecode.swift; path = PatientModel.swift; sourceTree = "<group>"; };
		52EBC3C722368F06009AFEBE /* AppointmentDetailVC.swift */ = {isa = PBXFileReference; lastKnownFileType = sourcecode.swift; path = AppointmentDetailVC.swift; sourceTree = "<group>"; };
		52EBC3C92236A2F9009AFEBE /* RescheduleAppointmentVC.swift */ = {isa = PBXFileReference; lastKnownFileType = sourcecode.swift; path = RescheduleAppointmentVC.swift; sourceTree = "<group>"; };
		52F98DC122439A230040D1F5 /* SocketIOManager.swift */ = {isa = PBXFileReference; lastKnownFileType = sourcecode.swift; path = SocketIOManager.swift; sourceTree = "<group>"; };
		63984FB1A4953C5395266F48 /* Pods-Myancare Patient.release.xcconfig */ = {isa = PBXFileReference; includeInIndex = 1; lastKnownFileType = text.xcconfig; name = "Pods-Myancare Patient.release.xcconfig"; path = "Pods/Target Support Files/Pods-Myancare Patient/Pods-Myancare Patient.release.xcconfig"; sourceTree = "<group>"; };
		6427EE60F7DB686F04207471 /* Pods-Myancare Patient.debug.xcconfig */ = {isa = PBXFileReference; includeInIndex = 1; lastKnownFileType = text.xcconfig; name = "Pods-Myancare Patient.debug.xcconfig"; path = "Pods/Target Support Files/Pods-Myancare Patient/Pods-Myancare Patient.debug.xcconfig"; sourceTree = "<group>"; };
		CBCD670D29C23FF059D78E63 /* Pods_Myancare_Patient.framework */ = {isa = PBXFileReference; explicitFileType = wrapper.framework; includeInIndex = 0; path = Pods_Myancare_Patient.framework; sourceTree = BUILT_PRODUCTS_DIR; };
/* End PBXFileReference section */

/* Begin PBXFrameworksBuildPhase section */
		528DA549221D96DA00140CFF /* Frameworks */ = {
			isa = PBXFrameworksBuildPhase;
			buildActionMask = 2147483647;
			files = (
				78874FA114DC211CF82CC53F /* Pods_Myancare_Patient.framework in Frameworks */,
			);
			runOnlyForDeploymentPostprocessing = 0;
		};
/* End PBXFrameworksBuildPhase section */

/* Begin PBXGroup section */
		52085D562249371600A7FB46 /* Socket */ = {
			isa = PBXGroup;
			children = (
				52085D572249372500A7FB46 /* SocketManager.swift */,
				52085D592249376A00A7FB46 /* SocketModel.swift */,
			);
			path = Socket;
			sourceTree = "<group>";
		};
		52162CCC2224EDAD001F054E /* Home */ = {
			isa = PBXGroup;
			children = (
				528DA566221D982300140CFF /* HomeViewController.swift */,
			);
			path = Home;
			sourceTree = "<group>";
		};
		52162CCE2224EDE7001F054E /* Startup */ = {
			isa = PBXGroup;
			children = (
				52C07C872222553C003D12BD /* StartScreenViewController.swift */,
				523415382222862700CE2A91 /* LanguageViewController.swift */,
			);
			path = Startup;
			sourceTree = "<group>";
		};
		52162CD02224EE0D001F054E /* Login */ = {
			isa = PBXGroup;
			children = (
				5234153A2222919700CE2A91 /* LoginViewController.swift */,
				520337E8222ACA9E004B4103 /* UserInformationVC.swift */,
				5269115F222AE0450082FCC6 /* UserInterestVC.swift */,
			);
			path = Login;
			sourceTree = "<group>";
		};
		52162CD12224EE25001F054E /* Appointment */ = {
			isa = PBXGroup;
			children = (
				52092D2222217DFB0035C257 /* AppointmentListViewController.swift */,
				52EBC3C722368F06009AFEBE /* AppointmentDetailVC.swift */,
				52EBC3C92236A2F9009AFEBE /* RescheduleAppointmentVC.swift */,
			);
			path = Appointment;
			sourceTree = "<group>";
		};
		52162CD32224EE4F001F054E /* More */ = {
			isa = PBXGroup;
			children = (
				528DA56C221D985300140CFF /* MoreViewController.swift */,
				527FAD0A224B8C9C00484DD1 /* AboutusVC.swift */,
			);
			path = More;
			sourceTree = "<group>";
		};
		52162CD42224EE5E001F054E /* Home */ = {
			isa = PBXGroup;
			children = (
				528DA56E221D98E400140CFF /* MenuCell.swift */,
				528DA572221D992D00140CFF /* MenuCategoryCell.swift */,
				528DA570221D990A00140CFF /* MenuOnlineCell.swift */,
			);
			path = Home;
			sourceTree = "<group>";
		};
		52162CD62224EE68001F054E /* StartScreen */ = {
			isa = PBXGroup;
			children = (
			);
			path = StartScreen;
			sourceTree = "<group>";
		};
		52162CD82224EE7A001F054E /* Login */ = {
			isa = PBXGroup;
			children = (
				524D8EB72237966400B7AEAB /* WalthroughCell.swift */,
				524D8EB92237969200B7AEAB /* UserInterestListCel.swift */,
				5249E69D2243BD4C00CA1810 /* UserInfoCell.swift */,
			);
			path = Login;
			sourceTree = "<group>";
		};
		52162CD92224EE80001F054E /* BookAppointment */ = {
			isa = PBXGroup;
			children = (
				528DA578221D9A5400140CFF /* DoctorListCell.swift */,
				528DA57A221D9ABB00140CFF /* DoctorDetailProfileCell.swift */,
				528DA57C221D9ACE00140CFF /* DoctorDetailAdditionCell.swift */,
				520337E6222AC92E004B4103 /* DocotorSpecializeCell.swift */,
				524D8EA62237950200B7AEAB /* DoctorSearchSpecializationCell.swift */,
				524D8EA82237953200B7AEAB /* CalendarCell.swift */,
				524D8EAA2237954900B7AEAB /* SlotCell.swift */,
				524D8EAC2237957100B7AEAB /* ReasonImageCell.swift */,
				524D8EAE223795A600B7AEAB /* MedicalRecordSelectCell.swift */,
			);
			path = BookAppointment;
			sourceTree = "<group>";
		};
		52162CDA2224EE8A001F054E /* Wallet */ = {
			isa = PBXGroup;
			children = (
				524D8ECB223797F900B7AEAB /* WalletCell.swift */,
				524D8ECD2237981F00B7AEAB /* PaymentRowCell.swift */,
				524D8ECF2237983A00B7AEAB /* PaymentCell.swift */,
				524D8ED12237985500B7AEAB /* AmountCell.swift */,
			);
			path = Wallet;
			sourceTree = "<group>";
		};
		52162CDB2224EE90001F054E /* More */ = {
			isa = PBXGroup;
			children = (
				528DA57F221D9B5300140CFF /* MoreCollectionViewCell.swift */,
				528DA581221D9B8C00140CFF /* MoreCollectionViewEditProfileCell.swift */,
			);
			path = More;
			sourceTree = "<group>";
		};
		5233269E22323C4800DD3BB6 /* Article */ = {
			isa = PBXGroup;
			children = (
				5233269F22323C6700DD3BB6 /* ArticleVC.swift */,
				523326A1223259DF00DD3BB6 /* ArticleDetailVC.swift */,
			);
			path = Article;
			sourceTree = "<group>";
		};
		5245F6E6222EAE0800D270F4 /* VoiceAndVideo */ = {
			isa = PBXGroup;
			children = (
				5245F6E7222EAE2600D270F4 /* VoiceCallVC.swift */,
				5245F6E9222EBD1500D270F4 /* VideoCallVC.swift */,
			);
			path = VoiceAndVideo;
			sourceTree = "<group>";
		};
		524D8E9F2237942400B7AEAB /* Article */ = {
			isa = PBXGroup;
			children = (
				524D8EA02237943400B7AEAB /* ArticleCategoryCell.swift */,
				524D8EA22237945100B7AEAB /* ArticleListCell.swift */,
				524D8EA42237949C00B7AEAB /* ArticleDetailCell.swift */,
			);
			path = Article;
			sourceTree = "<group>";
		};
		524D8EB0223795C900B7AEAB /* Appointment */ = {
			isa = PBXGroup;
			children = (
				524D8EB1223795D800B7AEAB /* AppointmentListCell.swift */,
				524D8EB32237960200B7AEAB /* AppointmentDetailCell.swift */,
				524D8EB52237962100B7AEAB /* RescheduleSlotsCell.swift */,
			);
			path = Appointment;
			sourceTree = "<group>";
		};
		524D8EBB223796D200B7AEAB /* MedicalRecord */ = {
			isa = PBXGroup;
			children = (
				524D8EBC223796E700B7AEAB /* MedicalRecordCell.swift */,
				524D8EBE2237971400B7AEAB /* PhotoGalleryCell.swift */,
				524D8EC02237972D00B7AEAB /* ViewSheetCell.swift */,
			);
			path = MedicalRecord;
			sourceTree = "<group>";
		};
		524D8EC22237974500B7AEAB /* MedicationReminder */ = {
			isa = PBXGroup;
			children = (
				524D8EC32237975200B7AEAB /* ReminderListCell.swift */,
			);
			path = MedicationReminder;
			sourceTree = "<group>";
		};
		524D8EC52237977000B7AEAB /* Notification */ = {
			isa = PBXGroup;
			children = (
				524D8EC62237977E00B7AEAB /* NotiListCell.swift */,
			);
			path = Notification;
			sourceTree = "<group>";
		};
		524D8EC8223797B500B7AEAB /* UserProfile */ = {
			isa = PBXGroup;
			children = (
				524D8EC9223797BF00B7AEAB /* ProfileCell.swift */,
			);
			path = UserProfile;
			sourceTree = "<group>";
		};
		5268C552222F7DA3001CF258 /* UserProfile */ = {
			isa = PBXGroup;
			children = (
				5268C553222F7DC6001CF258 /* UserProfileVC.swift */,
			);
			path = UserProfile;
			sourceTree = "<group>";
		};
		526C56842236380B003F2C66 /* MedicalRecord */ = {
			isa = PBXGroup;
			children = (
				526C568522363828003F2C66 /* RecordBookVC.swift */,
				526C570F22364113003F2C66 /* AddPhotoVC.swift */,
				526C571122364369003F2C66 /* PhotoGalleryVC.swift */,
				526C571322364A54003F2C66 /* ViewSheetVC.swift */,
			);
			path = MedicalRecord;
			sourceTree = "<group>";
		};
		526C568722363D1D003F2C66 /* Utility */ = {
			isa = PBXGroup;
			children = (
				52D59693223F8EE90071BE52 /* API.swift */,
				52F98DC122439A230040D1F5 /* SocketIOManager.swift */,
			);
			path = Utility;
			sourceTree = "<group>";
		};
		526C571522365088003F2C66 /* MedicationReminder */ = {
			isa = PBXGroup;
			children = (
				526C57162236509D003F2C66 /* ReminderListVC.swift */,
			);
			path = MedicationReminder;
			sourceTree = "<group>";
		};
		526FD4332242583D0035D757 /* Consultation */ = {
			isa = PBXGroup;
			children = (
				526FD434224258810035D757 /* ChatListVC.swift */,
				526FD436224258C10035D757 /* ChatRecordVC.swift */,
			);
			path = Consultation;
			sourceTree = "<group>";
		};
		526FD438224259100035D757 /* Consultation */ = {
			isa = PBXGroup;
			children = (
				526FD4392242591D0035D757 /* ChatListCell.swift */,
				526FD43B224259240035D757 /* ChatRecordCell.swift */,
			);
			path = Consultation;
			sourceTree = "<group>";
		};
		528DA543221D96DA00140CFF = {
			isa = PBXGroup;
			children = (
				52C07C9122226594003D12BD /* Localizable.strings */,
				528DA54E221D96DA00140CFF /* Myancare Patient */,
				528DA54D221D96DA00140CFF /* Products */,
				80827240D85AB6059467E4B7 /* Pods */,
				B3B488E02FA05B696D0BDDAB /* Frameworks */,
			);
			sourceTree = "<group>";
		};
		528DA54D221D96DA00140CFF /* Products */ = {
			isa = PBXGroup;
			children = (
				528DA54C221D96DA00140CFF /* Myancare Patient.app */,
			);
			name = Products;
			sourceTree = "<group>";
		};
		528DA54E221D96DA00140CFF /* Myancare Patient */ = {
			isa = PBXGroup;
			children = (
				528AC1FB223A9E9000082626 /* Myancare Patient.entitlements */,
				52092D1C2221524B0035C257 /* UIView+anchors.swift */,
				52A5B7E622224F6500AAE3D3 /* Utility.swift */,
				52D59691223F841C0071BE52 /* UserDefaults.swift */,
				52085D562249371600A7FB46 /* Socket */,
				526C568722363D1D003F2C66 /* Utility */,
				52C07C84222254A9003D12BD /* SupportingFiles */,
				528DA57E221D9B0C00140CFF /* AppDelegate */,
				528DA561221D970C00140CFF /* MVC */,
				528DA553221D96DA00140CFF /* Main.storyboard */,
				528DA556221D96DC00140CFF /* Assets.xcassets */,
				528DA558221D96DC00140CFF /* LaunchScreen.storyboard */,
				528DA55B221D96DC00140CFF /* Info.plist */,
			);
			path = "Myancare Patient";
			sourceTree = "<group>";
		};
		528DA561221D970C00140CFF /* MVC */ = {
			isa = PBXGroup;
			children = (
				528DA565221D972A00140CFF /* Controller */,
				528DA562221D971600140CFF /* Models */,
				528DA564221D972400140CFF /* View */,
			);
			path = MVC;
			sourceTree = "<group>";
		};
		528DA562221D971600140CFF /* Models */ = {
			isa = PBXGroup;
			children = (
				526E08882237D44400FECD70 /* DoctorModel.swift */,
				526E088A2237D49100FECD70 /* ArticleModel.swift */,
				526E088C2237D4AE00FECD70 /* AppointmentModel.swift */,
				526E088E2237D4E000FECD70 /* MedicationReminderModel.swift */,
				526E08902237D54B00FECD70 /* ModelAppointment.swift */,
				526E08922237D56A00FECD70 /* ModelDoctorFilter.swift */,
				526E08942237D58700FECD70 /* NotificationModel.swift */,
				526E08962237D5B500FECD70 /* OperationalHours.swift */,
				526E08982237D5D800FECD70 /* PaymentHistoryModel.swift */,
				526E089A2237D5F300FECD70 /* ProfileModel.swift */,
				526E089C2237D63000FECD70 /* ModelLogin.swift */,
				52D59695223FADBD0071BE52 /* PatientModel.swift */,
				5203B0DC224A318C002B4B44 /* DoctorListModel.swift */,
			);
			path = Models;
			sourceTree = "<group>";
		};
		528DA564221D972400140CFF /* View */ = {
			isa = PBXGroup;
			children = (
				526FD438224259100035D757 /* Consultation */,
				524D8EB0223795C900B7AEAB /* Appointment */,
				524D8E9F2237942400B7AEAB /* Article */,
				52162CD92224EE80001F054E /* BookAppointment */,
				52162CD42224EE5E001F054E /* Home */,
				52162CD82224EE7A001F054E /* Login */,
				524D8EBB223796D200B7AEAB /* MedicalRecord */,
				524D8EC22237974500B7AEAB /* MedicationReminder */,
				52162CDB2224EE90001F054E /* More */,
				524D8EC52237977000B7AEAB /* Notification */,
				52162CD62224EE68001F054E /* StartScreen */,
				524D8EC8223797B500B7AEAB /* UserProfile */,
				52162CDA2224EE8A001F054E /* Wallet */,
			);
			path = View;
			sourceTree = "<group>";
		};
		528DA565221D972A00140CFF /* Controller */ = {
			isa = PBXGroup;
			children = (
				526FD4332242583D0035D757 /* Consultation */,
				529490442237CE0900507240 /* Passcode */,
				52162CD12224EE25001F054E /* Appointment */,
				5233269E22323C4800DD3BB6 /* Article */,
				52EBC3C622368EA7009AFEBE /* BookAppointment */,
				52162CCC2224EDAD001F054E /* Home */,
				52162CD02224EE0D001F054E /* Login */,
				526C56842236380B003F2C66 /* MedicalRecord */,
				526C571522365088003F2C66 /* MedicationReminder */,
				52162CD32224EE4F001F054E /* More */,
				52B30391222BBBFF00BBFDA1 /* Notification */,
				52162CCE2224EDE7001F054E /* Startup */,
				5268C552222F7DA3001CF258 /* UserProfile */,
				5245F6E6222EAE0800D270F4 /* VoiceAndVideo */,
				52B1E01A222B02A30080243A /* Wallet */,
			);
			path = Controller;
			sourceTree = "<group>";
		};
		528DA57E221D9B0C00140CFF /* AppDelegate */ = {
			isa = PBXGroup;
			children = (
				528DA54F221D96DA00140CFF /* AppDelegate.swift */,
			);
			path = AppDelegate;
			sourceTree = "<group>";
		};
		529490442237CE0900507240 /* Passcode */ = {
			isa = PBXGroup;
			children = (
				529490452237CE2200507240 /* EnterPasscodeVC.swift */,
			);
			path = Passcode;
			sourceTree = "<group>";
		};
		52B1E01A222B02A30080243A /* Wallet */ = {
			isa = PBXGroup;
			children = (
				52B1E01B222B02B10080243A /* WalletVC.swift */,
				52B30394222BC26500BBFDA1 /* PaymentMethodVC.swift */,
				521015F6222C4D6F004119E6 /* SelectAmountVC.swift */,
				524D8ED322379BE600B7AEAB /* PaymentGateWayVC.swift */,
			);
			path = Wallet;
			sourceTree = "<group>";
		};
		52B30391222BBBFF00BBFDA1 /* Notification */ = {
			isa = PBXGroup;
			children = (
				52B30392222BBC1100BBFDA1 /* NotificationListVC.swift */,
			);
			path = Notification;
			sourceTree = "<group>";
		};
		52C07C84222254A9003D12BD /* SupportingFiles */ = {
			isa = PBXGroup;
			children = (
				52C07C85222254EF003D12BD /* Logo-Motion_Gif.gif */,
				523415352222858600CE2A91 /* Pyidaungsu-Bold.ttf */,
				523415342222858600CE2A91 /* Pyidaungsu.ttf */,
			);
			path = SupportingFiles;
			sourceTree = "<group>";
		};
		52EBC3C622368EA7009AFEBE /* BookAppointment */ = {
			isa = PBXGroup;
			children = (
				528DA574221D99B700140CFF /* DoctorSpecializationViewController.swift */,
				528DA568221D983900140CFF /* DoctorListViewController.swift */,
				528DA576221D99CD00140CFF /* DoctorSearchViewController.swift */,
				528DA56A221D984700140CFF /* DoctorDetailViewController.swift */,
				52092D1E2221634C0035C257 /* BookAppointmentViewController.swift */,
				52B1E018222AF2150080243A /* ReasonVC.swift */,
				52092D2022216E040035C257 /* InvoiceViewController.swift */,
				52AE88932236197600867151 /* ShareBookVC.swift */,
				52AE889522361F8700867151 /* SelectBookVC.swift */,
			);
			path = BookAppointment;
			sourceTree = "<group>";
		};
		80827240D85AB6059467E4B7 /* Pods */ = {
			isa = PBXGroup;
			children = (
				6427EE60F7DB686F04207471 /* Pods-Myancare Patient.debug.xcconfig */,
				63984FB1A4953C5395266F48 /* Pods-Myancare Patient.release.xcconfig */,
			);
			name = Pods;
			sourceTree = "<group>";
		};
		B3B488E02FA05B696D0BDDAB /* Frameworks */ = {
			isa = PBXGroup;
			children = (
				CBCD670D29C23FF059D78E63 /* Pods_Myancare_Patient.framework */,
			);
			name = Frameworks;
			sourceTree = "<group>";
		};
/* End PBXGroup section */

/* Begin PBXNativeTarget section */
		528DA54B221D96DA00140CFF /* Myancare Patient */ = {
			isa = PBXNativeTarget;
			buildConfigurationList = 528DA55E221D96DC00140CFF /* Build configuration list for PBXNativeTarget "Myancare Patient" */;
			buildPhases = (
				D47AE61E5692078709BCC230 /* [CP] Check Pods Manifest.lock */,
				528DA548221D96DA00140CFF /* Sources */,
				528DA549221D96DA00140CFF /* Frameworks */,
				528DA54A221D96DA00140CFF /* Resources */,
				36E6688C14A2690079A63F74 /* [CP] Embed Pods Frameworks */,
				79D0DAEFECE093CA9B9942AA /* [CP] Copy Pods Resources */,
			);
			buildRules = (
			);
			dependencies = (
			);
			name = "Myancare Patient";
			productName = "Myancare Patient";
			productReference = 528DA54C221D96DA00140CFF /* Myancare Patient.app */;
			productType = "com.apple.product-type.application";
		};
/* End PBXNativeTarget section */

/* Begin PBXProject section */
		528DA544221D96DA00140CFF /* Project object */ = {
			isa = PBXProject;
			attributes = {
				LastSwiftUpdateCheck = 1010;
				LastUpgradeCheck = 1010;
				ORGANIZATIONNAME = "Saw Soe Moe Nyunt";
				TargetAttributes = {
					528DA54B221D96DA00140CFF = {
						CreatedOnToolsVersion = 10.1;
						SystemCapabilities = {
							com.apple.ApplicationGroups.iOS = {
								enabled = 0;
							};
							com.apple.BackgroundModes = {
								enabled = 0;
							};
							com.apple.Keychain = {
								enabled = 0;
							};
							com.apple.Push = {
								enabled = 1;
							};
						};
					};
				};
			};
			buildConfigurationList = 528DA547221D96DA00140CFF /* Build configuration list for PBXProject "Myancare Patient" */;
			compatibilityVersion = "Xcode 10.0";
			developmentRegion = en;
			hasScannedForEncodings = 0;
			knownRegions = (
				en,
				Base,
				my,
			);
			mainGroup = 528DA543221D96DA00140CFF;
			productRefGroup = 528DA54D221D96DA00140CFF /* Products */;
			projectDirPath = "";
			projectRoot = "";
			targets = (
				528DA54B221D96DA00140CFF /* Myancare Patient */,
			);
		};
/* End PBXProject section */

/* Begin PBXResourcesBuildPhase section */
		528DA54A221D96DA00140CFF /* Resources */ = {
			isa = PBXResourcesBuildPhase;
			buildActionMask = 2147483647;
			files = (
				52C07C8F22226594003D12BD /* Localizable.strings in Resources */,
				523415372222858600CE2A91 /* Pyidaungsu-Bold.ttf in Resources */,
				52C07C86222254EF003D12BD /* Logo-Motion_Gif.gif in Resources */,
				528DA55A221D96DC00140CFF /* LaunchScreen.storyboard in Resources */,
				523415362222858600CE2A91 /* Pyidaungsu.ttf in Resources */,
				528DA557221D96DC00140CFF /* Assets.xcassets in Resources */,
				528DA555221D96DA00140CFF /* Main.storyboard in Resources */,
			);
			runOnlyForDeploymentPostprocessing = 0;
		};
/* End PBXResourcesBuildPhase section */

/* Begin PBXShellScriptBuildPhase section */
		36E6688C14A2690079A63F74 /* [CP] Embed Pods Frameworks */ = {
			isa = PBXShellScriptBuildPhase;
			buildActionMask = 2147483647;
			files = (
			);
			inputPaths = (
				"${PODS_ROOT}/Target Support Files/Pods-Myancare Patient/Pods-Myancare Patient-frameworks.sh",
				"${BUILT_PRODUCTS_DIR}/Alamofire/Alamofire.framework",
				"${BUILT_PRODUCTS_DIR}/AlamofireImage/AlamofireImage.framework",
				"${BUILT_PRODUCTS_DIR}/Bolts/Bolts.framework",
				"${BUILT_PRODUCTS_DIR}/FBSDKCoreKit/FBSDKCoreKit.framework",
				"${BUILT_PRODUCTS_DIR}/FBSDKLoginKit/FBSDKLoginKit.framework",
				"${BUILT_PRODUCTS_DIR}/FBSDKShareKit/FBSDKShareKit.framework",
				"${BUILT_PRODUCTS_DIR}/FacebookCore/FacebookCore.framework",
				"${BUILT_PRODUCTS_DIR}/FacebookLogin/FacebookLogin.framework",
				"${BUILT_PRODUCTS_DIR}/FacebookShare/FacebookShare.framework",
				"${BUILT_PRODUCTS_DIR}/IQKeyboardManagerSwift/IQKeyboardManagerSwift.framework",
				"${BUILT_PRODUCTS_DIR}/Localize-Swift/Localize_Swift.framework",
				"${BUILT_PRODUCTS_DIR}/NVActivityIndicatorView/NVActivityIndicatorView.framework",
				"${BUILT_PRODUCTS_DIR}/PKHUD/PKHUD.framework",
				"${BUILT_PRODUCTS_DIR}/Pushy/Pushy.framework",
				"${BUILT_PRODUCTS_DIR}/Socket.IO-Client-Swift/SocketIO.framework",
				"${BUILT_PRODUCTS_DIR}/Starscream/Starscream.framework",
				"${BUILT_PRODUCTS_DIR}/SwiftyGif/SwiftyGif.framework",
			);
			name = "[CP] Embed Pods Frameworks";
			outputPaths = (
				"${TARGET_BUILD_DIR}/${FRAMEWORKS_FOLDER_PATH}/Alamofire.framework",
				"${TARGET_BUILD_DIR}/${FRAMEWORKS_FOLDER_PATH}/AlamofireImage.framework",
				"${TARGET_BUILD_DIR}/${FRAMEWORKS_FOLDER_PATH}/Bolts.framework",
				"${TARGET_BUILD_DIR}/${FRAMEWORKS_FOLDER_PATH}/FBSDKCoreKit.framework",
				"${TARGET_BUILD_DIR}/${FRAMEWORKS_FOLDER_PATH}/FBSDKLoginKit.framework",
				"${TARGET_BUILD_DIR}/${FRAMEWORKS_FOLDER_PATH}/FBSDKShareKit.framework",
				"${TARGET_BUILD_DIR}/${FRAMEWORKS_FOLDER_PATH}/FacebookCore.framework",
				"${TARGET_BUILD_DIR}/${FRAMEWORKS_FOLDER_PATH}/FacebookLogin.framework",
				"${TARGET_BUILD_DIR}/${FRAMEWORKS_FOLDER_PATH}/FacebookShare.framework",
				"${TARGET_BUILD_DIR}/${FRAMEWORKS_FOLDER_PATH}/IQKeyboardManagerSwift.framework",
				"${TARGET_BUILD_DIR}/${FRAMEWORKS_FOLDER_PATH}/Localize_Swift.framework",
				"${TARGET_BUILD_DIR}/${FRAMEWORKS_FOLDER_PATH}/NVActivityIndicatorView.framework",
				"${TARGET_BUILD_DIR}/${FRAMEWORKS_FOLDER_PATH}/PKHUD.framework",
				"${TARGET_BUILD_DIR}/${FRAMEWORKS_FOLDER_PATH}/Pushy.framework",
				"${TARGET_BUILD_DIR}/${FRAMEWORKS_FOLDER_PATH}/SocketIO.framework",
				"${TARGET_BUILD_DIR}/${FRAMEWORKS_FOLDER_PATH}/Starscream.framework",
				"${TARGET_BUILD_DIR}/${FRAMEWORKS_FOLDER_PATH}/SwiftyGif.framework",
			);
			runOnlyForDeploymentPostprocessing = 0;
			shellPath = /bin/sh;
			shellScript = "\"${PODS_ROOT}/Target Support Files/Pods-Myancare Patient/Pods-Myancare Patient-frameworks.sh\"\n";
			showEnvVarsInLog = 0;
		};
		79D0DAEFECE093CA9B9942AA /* [CP] Copy Pods Resources */ = {
			isa = PBXShellScriptBuildPhase;
			buildActionMask = 2147483647;
			files = (
			);
			inputFileListPaths = (
			);
			inputPaths = (
				"${PODS_ROOT}/Target Support Files/Pods-Myancare Patient/Pods-Myancare Patient-resources.sh",
				"${PODS_ROOT}/AccountKit/AccountKitStrings.bundle",
			);
			name = "[CP] Copy Pods Resources";
			outputFileListPaths = (
			);
			outputPaths = (
				"${TARGET_BUILD_DIR}/${UNLOCALIZED_RESOURCES_FOLDER_PATH}/AccountKitStrings.bundle",
			);
			runOnlyForDeploymentPostprocessing = 0;
			shellPath = /bin/sh;
			shellScript = "\"${PODS_ROOT}/Target Support Files/Pods-Myancare Patient/Pods-Myancare Patient-resources.sh\"\n";
			showEnvVarsInLog = 0;
		};
		D47AE61E5692078709BCC230 /* [CP] Check Pods Manifest.lock */ = {
			isa = PBXShellScriptBuildPhase;
			buildActionMask = 2147483647;
			files = (
			);
			inputPaths = (
				"${PODS_PODFILE_DIR_PATH}/Podfile.lock",
				"${PODS_ROOT}/Manifest.lock",
			);
			name = "[CP] Check Pods Manifest.lock";
			outputPaths = (
				"$(DERIVED_FILE_DIR)/Pods-Myancare Patient-checkManifestLockResult.txt",
			);
			runOnlyForDeploymentPostprocessing = 0;
			shellPath = /bin/sh;
			shellScript = "diff \"${PODS_PODFILE_DIR_PATH}/Podfile.lock\" \"${PODS_ROOT}/Manifest.lock\" > /dev/null\nif [ $? != 0 ] ; then\n    # print error to STDERR\n    echo \"error: The sandbox is not in sync with the Podfile.lock. Run 'pod install' or update your CocoaPods installation.\" >&2\n    exit 1\nfi\n# This output is used by Xcode 'outputs' to avoid re-running this script phase.\necho \"SUCCESS\" > \"${SCRIPT_OUTPUT_FILE_0}\"\n";
			showEnvVarsInLog = 0;
		};
/* End PBXShellScriptBuildPhase section */

/* Begin PBXSourcesBuildPhase section */
		528DA548221D96DA00140CFF /* Sources */ = {
			isa = PBXSourcesBuildPhase;
			buildActionMask = 2147483647;
			files = (
				526C571022364113003F2C66 /* AddPhotoVC.swift in Sources */,
				524D8EA92237953200B7AEAB /* CalendarCell.swift in Sources */,
				528DA56F221D98E400140CFF /* MenuCell.swift in Sources */,
				52B30393222BBC1100BBFDA1 /* NotificationListVC.swift in Sources */,
				528DA573221D992D00140CFF /* MenuCategoryCell.swift in Sources */,
				528DA579221D9A5400140CFF /* DoctorListCell.swift in Sources */,
				528DA582221D9B8C00140CFF /* MoreCollectionViewEditProfileCell.swift in Sources */,
				529490462237CE2200507240 /* EnterPasscodeVC.swift in Sources */,
				5249E69E2243BD4C00CA1810 /* UserInfoCell.swift in Sources */,
				526E088F2237D4E000FECD70 /* MedicationReminderModel.swift in Sources */,
				526C57172236509D003F2C66 /* ReminderListVC.swift in Sources */,
				528DA571221D990A00140CFF /* MenuOnlineCell.swift in Sources */,
				526E088B2237D49100FECD70 /* ArticleModel.swift in Sources */,
				526E08972237D5B500FECD70 /* OperationalHours.swift in Sources */,
				528DA57B221D9ABB00140CFF /* DoctorDetailProfileCell.swift in Sources */,
				523326A022323C6700DD3BB6 /* ArticleVC.swift in Sources */,
				526E089B2237D5F300FECD70 /* ProfileModel.swift in Sources */,
				52D59692223F841C0071BE52 /* UserDefaults.swift in Sources */,
				524D8EAB2237954900B7AEAB /* SlotCell.swift in Sources */,
				52B30395222BC26500BBFDA1 /* PaymentMethodVC.swift in Sources */,
				524D8EB2223795D800B7AEAB /* AppointmentListCell.swift in Sources */,
				52AE889622361F8700867151 /* SelectBookVC.swift in Sources */,
				528DA577221D99CD00140CFF /* DoctorSearchViewController.swift in Sources */,
				526FD435224258810035D757 /* ChatListVC.swift in Sources */,
				52F98DC222439A230040D1F5 /* SocketIOManager.swift in Sources */,
				52EBC3C822368F06009AFEBE /* AppointmentDetailVC.swift in Sources */,
				524D8ED22237985500B7AEAB /* AmountCell.swift in Sources */,
				523415392222862700CE2A91 /* LanguageViewController.swift in Sources */,
				524D8EA32237945100B7AEAB /* ArticleListCell.swift in Sources */,
				524D8EC42237975200B7AEAB /* ReminderListCell.swift in Sources */,
				524D8EA72237950200B7AEAB /* DoctorSearchSpecializationCell.swift in Sources */,
				528DA550221D96DA00140CFF /* AppDelegate.swift in Sources */,
				528DA56B221D984700140CFF /* DoctorDetailViewController.swift in Sources */,
				52691160222AE0450082FCC6 /* UserInterestVC.swift in Sources */,
				52D59696223FADBD0071BE52 /* PatientModel.swift in Sources */,
				524D8EB82237966400B7AEAB /* WalthroughCell.swift in Sources */,
				524D8ECC223797F900B7AEAB /* WalletCell.swift in Sources */,
				526FD437224258C10035D757 /* ChatRecordVC.swift in Sources */,
				527FAD0B224B8C9C00484DD1 /* AboutusVC.swift in Sources */,
				52092D2122216E040035C257 /* InvoiceViewController.swift in Sources */,
				524D8ECE2237981F00B7AEAB /* PaymentRowCell.swift in Sources */,
				524D8EC12237972D00B7AEAB /* ViewSheetCell.swift in Sources */,
				526C571422364A54003F2C66 /* ViewSheetVC.swift in Sources */,
				524D8EBF2237971400B7AEAB /* PhotoGalleryCell.swift in Sources */,
				524D8EBA2237969200B7AEAB /* UserInterestListCel.swift in Sources */,
				526C571222364369003F2C66 /* PhotoGalleryVC.swift in Sources */,
				524D8ED02237983A00B7AEAB /* PaymentCell.swift in Sources */,
				5234153B2222919700CE2A91 /* LoginViewController.swift in Sources */,
				52C07C882222553C003D12BD /* StartScreenViewController.swift in Sources */,
				524D8EB62237962100B7AEAB /* RescheduleSlotsCell.swift in Sources */,
				524D8EC72237977E00B7AEAB /* NotiListCell.swift in Sources */,
				52085D5A2249376A00A7FB46 /* SocketModel.swift in Sources */,
				526E08952237D58700FECD70 /* NotificationModel.swift in Sources */,
				526E08992237D5D800FECD70 /* PaymentHistoryModel.swift in Sources */,
				528DA56D221D985300140CFF /* MoreViewController.swift in Sources */,
				52092D2322217DFB0035C257 /* AppointmentListViewController.swift in Sources */,
				52092D1D2221524B0035C257 /* UIView+anchors.swift in Sources */,
				524D8ECA223797BF00B7AEAB /* ProfileCell.swift in Sources */,
				524D8EB42237960200B7AEAB /* AppointmentDetailCell.swift in Sources */,
				52B1E019222AF2150080243A /* ReasonVC.swift in Sources */,
				52085D582249372500A7FB46 /* SocketManager.swift in Sources */,
				526E089D2237D63000FECD70 /* ModelLogin.swift in Sources */,
				52A5B7E722224F6500AAE3D3 /* Utility.swift in Sources */,
				524D8ED422379BE600B7AEAB /* PaymentGateWayVC.swift in Sources */,
				52AE88942236197600867151 /* ShareBookVC.swift in Sources */,
				524D8EA52237949C00B7AEAB /* ArticleDetailCell.swift in Sources */,
				526E08932237D56A00FECD70 /* ModelDoctorFilter.swift in Sources */,
				526E088D2237D4AE00FECD70 /* AppointmentModel.swift in Sources */,
				524D8EBD223796E700B7AEAB /* MedicalRecordCell.swift in Sources */,
				520337E9222ACA9E004B4103 /* UserInformationVC.swift in Sources */,
				524D8EAF223795A600B7AEAB /* MedicalRecordSelectCell.swift in Sources */,
				524D8EA12237943400B7AEAB /* ArticleCategoryCell.swift in Sources */,
				5268C554222F7DC6001CF258 /* UserProfileVC.swift in Sources */,
				523326A2223259DF00DD3BB6 /* ArticleDetailVC.swift in Sources */,
				52D59694223F8EE90071BE52 /* API.swift in Sources */,
				526FD43C224259240035D757 /* ChatRecordCell.swift in Sources */,
				528DA567221D982300140CFF /* HomeViewController.swift in Sources */,
				52EBC3CA2236A2F9009AFEBE /* RescheduleAppointmentVC.swift in Sources */,
				526E08892237D44400FECD70 /* DoctorModel.swift in Sources */,
				528DA575221D99B700140CFF /* DoctorSpecializationViewController.swift in Sources */,
				524D8EAD2237957100B7AEAB /* ReasonImageCell.swift in Sources */,
				528DA569221D983900140CFF /* DoctorListViewController.swift in Sources */,
				5203B0DD224A318C002B4B44 /* DoctorListModel.swift in Sources */,
				520337E7222AC92E004B4103 /* DocotorSpecializeCell.swift in Sources */,
				526C568622363828003F2C66 /* RecordBookVC.swift in Sources */,
				528DA57D221D9ACE00140CFF /* DoctorDetailAdditionCell.swift in Sources */,
				5245F6E8222EAE2600D270F4 /* VoiceCallVC.swift in Sources */,
				521015F7222C4D6F004119E6 /* SelectAmountVC.swift in Sources */,
				52B1E01C222B02B10080243A /* WalletVC.swift in Sources */,
				528DA580221D9B5300140CFF /* MoreCollectionViewCell.swift in Sources */,
				5245F6EA222EBD1500D270F4 /* VideoCallVC.swift in Sources */,
				526FD43A2242591D0035D757 /* ChatListCell.swift in Sources */,
				526E08912237D54B00FECD70 /* ModelAppointment.swift in Sources */,
				52092D1F2221634C0035C257 /* BookAppointmentViewController.swift in Sources */,
			);
			runOnlyForDeploymentPostprocessing = 0;
		};
/* End PBXSourcesBuildPhase section */

/* Begin PBXVariantGroup section */
		528DA553221D96DA00140CFF /* Main.storyboard */ = {
			isa = PBXVariantGroup;
			children = (
				528DA554221D96DA00140CFF /* Base */,
				52C07C8B222264EB003D12BD /* my */,
			);
			name = Main.storyboard;
			sourceTree = "<group>";
		};
		528DA558221D96DC00140CFF /* LaunchScreen.storyboard */ = {
			isa = PBXVariantGroup;
			children = (
				528DA559221D96DC00140CFF /* Base */,
				52C07C8C222264EB003D12BD /* my */,
			);
			name = LaunchScreen.storyboard;
			sourceTree = "<group>";
		};
		52C07C9122226594003D12BD /* Localizable.strings */ = {
			isa = PBXVariantGroup;
			children = (
				52C07C9022226594003D12BD /* en */,
				52C07C92222265C3003D12BD /* my */,
			);
			name = Localizable.strings;
			sourceTree = "<group>";
		};
/* End PBXVariantGroup section */

/* Begin XCBuildConfiguration section */
		528DA55C221D96DC00140CFF /* Debug */ = {
			isa = XCBuildConfiguration;
			buildSettings = {
				ALWAYS_SEARCH_USER_PATHS = NO;
				CLANG_ANALYZER_LOCALIZABILITY_NONLOCALIZED = YES;
				CLANG_ANALYZER_NONNULL = YES;
				CLANG_ANALYZER_NUMBER_OBJECT_CONVERSION = YES_AGGRESSIVE;
				CLANG_CXX_LANGUAGE_STANDARD = "gnu++14";
				CLANG_CXX_LIBRARY = "libc++";
				CLANG_ENABLE_MODULES = YES;
				CLANG_ENABLE_OBJC_ARC = YES;
				CLANG_ENABLE_OBJC_WEAK = YES;
				CLANG_WARN_BLOCK_CAPTURE_AUTORELEASING = YES;
				CLANG_WARN_BOOL_CONVERSION = YES;
				CLANG_WARN_COMMA = YES;
				CLANG_WARN_CONSTANT_CONVERSION = YES;
				CLANG_WARN_DEPRECATED_OBJC_IMPLEMENTATIONS = YES;
				CLANG_WARN_DIRECT_OBJC_ISA_USAGE = YES_ERROR;
				CLANG_WARN_DOCUMENTATION_COMMENTS = YES;
				CLANG_WARN_EMPTY_BODY = YES;
				CLANG_WARN_ENUM_CONVERSION = YES;
				CLANG_WARN_INFINITE_RECURSION = YES;
				CLANG_WARN_INT_CONVERSION = YES;
				CLANG_WARN_NON_LITERAL_NULL_CONVERSION = YES;
				CLANG_WARN_OBJC_IMPLICIT_RETAIN_SELF = YES;
				CLANG_WARN_OBJC_LITERAL_CONVERSION = YES;
				CLANG_WARN_OBJC_ROOT_CLASS = YES_ERROR;
				CLANG_WARN_RANGE_LOOP_ANALYSIS = YES;
				CLANG_WARN_STRICT_PROTOTYPES = YES;
				CLANG_WARN_SUSPICIOUS_MOVE = YES;
				CLANG_WARN_UNGUARDED_AVAILABILITY = YES_AGGRESSIVE;
				CLANG_WARN_UNREACHABLE_CODE = YES;
				CLANG_WARN__DUPLICATE_METHOD_MATCH = YES;
				CODE_SIGN_IDENTITY = "iPhone Developer";
				COPY_PHASE_STRIP = NO;
				DEBUG_INFORMATION_FORMAT = dwarf;
				ENABLE_STRICT_OBJC_MSGSEND = YES;
				ENABLE_TESTABILITY = YES;
				GCC_C_LANGUAGE_STANDARD = gnu11;
				GCC_DYNAMIC_NO_PIC = NO;
				GCC_NO_COMMON_BLOCKS = YES;
				GCC_OPTIMIZATION_LEVEL = 0;
				GCC_PREPROCESSOR_DEFINITIONS = (
					"DEBUG=1",
					"$(inherited)",
				);
				GCC_WARN_64_TO_32_BIT_CONVERSION = YES;
				GCC_WARN_ABOUT_RETURN_TYPE = YES_ERROR;
				GCC_WARN_UNDECLARED_SELECTOR = YES;
				GCC_WARN_UNINITIALIZED_AUTOS = YES_AGGRESSIVE;
				GCC_WARN_UNUSED_FUNCTION = YES;
				GCC_WARN_UNUSED_VARIABLE = YES;
				IPHONEOS_DEPLOYMENT_TARGET = 12.1;
				MTL_ENABLE_DEBUG_INFO = INCLUDE_SOURCE;
				MTL_FAST_MATH = YES;
				ONLY_ACTIVE_ARCH = YES;
				OTHER_LDFLAGS = "";
				SDKROOT = iphoneos;
				SWIFT_ACTIVE_COMPILATION_CONDITIONS = DEBUG;
				SWIFT_OPTIMIZATION_LEVEL = "-Onone";
			};
			name = Debug;
		};
		528DA55D221D96DC00140CFF /* Release */ = {
			isa = XCBuildConfiguration;
			buildSettings = {
				ALWAYS_SEARCH_USER_PATHS = NO;
				CLANG_ANALYZER_LOCALIZABILITY_NONLOCALIZED = YES;
				CLANG_ANALYZER_NONNULL = YES;
				CLANG_ANALYZER_NUMBER_OBJECT_CONVERSION = YES_AGGRESSIVE;
				CLANG_CXX_LANGUAGE_STANDARD = "gnu++14";
				CLANG_CXX_LIBRARY = "libc++";
				CLANG_ENABLE_MODULES = YES;
				CLANG_ENABLE_OBJC_ARC = YES;
				CLANG_ENABLE_OBJC_WEAK = YES;
				CLANG_WARN_BLOCK_CAPTURE_AUTORELEASING = YES;
				CLANG_WARN_BOOL_CONVERSION = YES;
				CLANG_WARN_COMMA = YES;
				CLANG_WARN_CONSTANT_CONVERSION = YES;
				CLANG_WARN_DEPRECATED_OBJC_IMPLEMENTATIONS = YES;
				CLANG_WARN_DIRECT_OBJC_ISA_USAGE = YES_ERROR;
				CLANG_WARN_DOCUMENTATION_COMMENTS = YES;
				CLANG_WARN_EMPTY_BODY = YES;
				CLANG_WARN_ENUM_CONVERSION = YES;
				CLANG_WARN_INFINITE_RECURSION = YES;
				CLANG_WARN_INT_CONVERSION = YES;
				CLANG_WARN_NON_LITERAL_NULL_CONVERSION = YES;
				CLANG_WARN_OBJC_IMPLICIT_RETAIN_SELF = YES;
				CLANG_WARN_OBJC_LITERAL_CONVERSION = YES;
				CLANG_WARN_OBJC_ROOT_CLASS = YES_ERROR;
				CLANG_WARN_RANGE_LOOP_ANALYSIS = YES;
				CLANG_WARN_STRICT_PROTOTYPES = YES;
				CLANG_WARN_SUSPICIOUS_MOVE = YES;
				CLANG_WARN_UNGUARDED_AVAILABILITY = YES_AGGRESSIVE;
				CLANG_WARN_UNREACHABLE_CODE = YES;
				CLANG_WARN__DUPLICATE_METHOD_MATCH = YES;
				CODE_SIGN_IDENTITY = "iPhone Developer";
				COPY_PHASE_STRIP = NO;
				DEBUG_INFORMATION_FORMAT = "dwarf-with-dsym";
				ENABLE_NS_ASSERTIONS = NO;
				ENABLE_STRICT_OBJC_MSGSEND = YES;
				GCC_C_LANGUAGE_STANDARD = gnu11;
				GCC_NO_COMMON_BLOCKS = YES;
				GCC_WARN_64_TO_32_BIT_CONVERSION = YES;
				GCC_WARN_ABOUT_RETURN_TYPE = YES_ERROR;
				GCC_WARN_UNDECLARED_SELECTOR = YES;
				GCC_WARN_UNINITIALIZED_AUTOS = YES_AGGRESSIVE;
				GCC_WARN_UNUSED_FUNCTION = YES;
				GCC_WARN_UNUSED_VARIABLE = YES;
				IPHONEOS_DEPLOYMENT_TARGET = 12.1;
				MTL_ENABLE_DEBUG_INFO = NO;
				MTL_FAST_MATH = YES;
				OTHER_LDFLAGS = "";
				SDKROOT = iphoneos;
				SWIFT_COMPILATION_MODE = wholemodule;
				SWIFT_OPTIMIZATION_LEVEL = "-O";
				VALIDATE_PRODUCT = YES;
			};
			name = Release;
		};
		528DA55F221D96DC00140CFF /* Debug */ = {
			isa = XCBuildConfiguration;
			baseConfigurationReference = 6427EE60F7DB686F04207471 /* Pods-Myancare Patient.debug.xcconfig */;
			buildSettings = {
				ASSETCATALOG_COMPILER_APPICON_NAME = AppIcon;
				CODE_SIGN_ENTITLEMENTS = "Myancare Patient/Myancare Patient.entitlements";
				CODE_SIGN_IDENTITY = "iPhone Developer";
				CODE_SIGN_STYLE = Manual;
				DEVELOPMENT_TEAM = X624A6G9UP;
				INFOPLIST_FILE = "Myancare Patient/Info.plist";
				IPHONEOS_DEPLOYMENT_TARGET = 12.1;
				LD_RUNPATH_SEARCH_PATHS = (
					"$(inherited)",
					"@executable_path/Frameworks",
				);
				PRODUCT_BUNDLE_IDENTIFIER = com.myancarepatient;
				PRODUCT_NAME = "$(TARGET_NAME)";
				PROVISIONING_PROFILE_SPECIFIER = "MyanCare-Patient-2-Jan";
				SWIFT_VERSION = 4.2;
				TARGETED_DEVICE_FAMILY = "1,2";
			};
			name = Debug;
		};
		528DA560221D96DC00140CFF /* Release */ = {
			isa = XCBuildConfiguration;
			baseConfigurationReference = 63984FB1A4953C5395266F48 /* Pods-Myancare Patient.release.xcconfig */;
			buildSettings = {
				ASSETCATALOG_COMPILER_APPICON_NAME = AppIcon;
				CODE_SIGN_ENTITLEMENTS = "Myancare Patient/Myancare Patient.entitlements";
				CODE_SIGN_IDENTITY = "iPhone Distribution";
				CODE_SIGN_STYLE = Manual;
				DEVELOPMENT_TEAM = X624A6G9UP;
				INFOPLIST_FILE = "Myancare Patient/Info.plist";
				IPHONEOS_DEPLOYMENT_TARGET = 12.1;
				LD_RUNPATH_SEARCH_PATHS = (
					"$(inherited)",
					"@executable_path/Frameworks",
				);
				PRODUCT_BUNDLE_IDENTIFIER = com.myancarepatient;
				PRODUCT_NAME = "$(TARGET_NAME)";
				PROVISIONING_PROFILE_SPECIFIER = "MyanCare-Patient-Pro-2Jan";
				SWIFT_VERSION = 4.2;
				TARGETED_DEVICE_FAMILY = "1,2";
			};
			name = Release;
		};
/* End XCBuildConfiguration section */

/* Begin XCConfigurationList section */
		528DA547221D96DA00140CFF /* Build configuration list for PBXProject "Myancare Patient" */ = {
			isa = XCConfigurationList;
			buildConfigurations = (
				528DA55C221D96DC00140CFF /* Debug */,
				528DA55D221D96DC00140CFF /* Release */,
			);
			defaultConfigurationIsVisible = 0;
			defaultConfigurationName = Release;
		};
		528DA55E221D96DC00140CFF /* Build configuration list for PBXNativeTarget "Myancare Patient" */ = {
			isa = XCConfigurationList;
			buildConfigurations = (
				528DA55F221D96DC00140CFF /* Debug */,
				528DA560221D96DC00140CFF /* Release */,
			);
			defaultConfigurationIsVisible = 0;
			defaultConfigurationName = Release;
		};
/* End XCConfigurationList section */
	};
	rootObject = 528DA544221D96DA00140CFF /* Project object */;
}
